<?xml version="1.0" encoding="utf-8"?>
<Project ToolsVersion="4.0" xmlns="http://schemas.microsoft.com/developer/msbuild/2003">
  <ItemGroup>
    <Filter Include="Source Files">
      <UniqueIdentifier>{4FC737F1-C7A5-4376-A066-2A32D752A2FF}</UniqueIdentifier>
      <Extensions>cpp;c;cc;cxx;def;odl;idl;hpj;bat;asm;asmx</Extensions>
    </Filter>
    <Filter Include="Header Files">
      <UniqueIdentifier>{93995380-89BD-4b04-88EB-625FBE52EBFB}</UniqueIdentifier>
      <Extensions>h;hh;hpp;hxx;hm;inl;inc;xsd</Extensions>
    </Filter>
    <Filter Include="Resource Files">
      <UniqueIdentifier>{67DA6AB6-F800-4c08-8B7A-83BB121AAD01}</UniqueIdentifier>
      <Extensions>rc;ico;cur;bmp;dlg;rc2;rct;bin;rgs;gif;jpg;jpeg;jpe;resx;tiff;tif;png;wav;mfcribbon-ms</Extensions>
    </Filter>
  </ItemGroup>
  <ItemGroup>
    <ClInclude Include="ClientComm.h">
      <Filter>Header Files</Filter>
    </ClInclude>
    <ClInclude Include="Resource.h">
      <Filter>Header Files</Filter>
    </ClInclude>
    <ClInclude Include="..\..\..\..\..\Downloads\SnakeMultiplayer-master1\SnakeMultiplayer-master1\Client\resource1.h">
      <Filter>Header Files</Filter>
    </ClInclude>
  </ItemGroup>
  <ItemGroup>
    <ClCompile Include="Main.cpp">
      <Filter>Source Files</Filter>
    </ClCompile>
  </ItemGroup>
  <ItemGroup>
    <Library Include="..\Debug\GameLibrary.lib">
      <Filter>Source Files</Filter>
    </Library>
  </ItemGroup>
  <ItemGroup>
    <ResourceCompile Include="..\..\..\..\..\Downloads\SnakeMultiplayer-master1\SnakeMultiplayer-master1\Client\Client.rc">
      <Filter>Resource Files</Filter>
    </ResourceCompile>
  </ItemGroup>
  <ItemGroup>
    <Image Include="GUI\Blank.bmp">
      <Filter>Resource Files</Filter>
    </Image>
    <Image Include="GUI\Drunk.bmp">
      <Filter>Resource Files</Filter>
    </Image>
    <Image Include="GUI\Food.bmp">
      <Filter>Resource Files</Filter>
    </Image>
    <Image Include="GUI\Glue.bmp">
      <Filter>Resource Files</Filter>
    </Image>
    <Image Include="GUI\Grenade.bmp">
      <Filter>Resource Files</Filter>
    </Image>
    <Image Include="GUI\Ice.bmp">
      <Filter>Resource Files</Filter>
    </Image>
    <Image Include="GUI\O_Clue.bmp">
      <Filter>Resource Files</Filter>
    </Image>
    <Image Include="GUI\O_Oil.bmp">
      <Filter>Resource Files</Filter>
    </Image>
    <Image Include="GUI\O_Vodka.bmp">
      <Filter>Resource Files</Filter>
    </Image>
    <Image Include="GUI\Oil.bmp">
      <Filter>Resource Files</Filter>
    </Image>
    <Image Include="GUI\Snake1.bmp">
      <Filter>Resource Files</Filter>
    </Image>
    <Image Include="GUI\Snake2.bmp">
      <Filter>Resource Files</Filter>
    </Image>
    <Image Include="GUI\Snake3.bmp">
      <Filter>Resource Files</Filter>
    </Image>
    <Image Include="GUI\Snake4.bmp">
      <Filter>Resource Files</Filter>
    </Image>
    <Image Include="GUI\Snake5.bmp">
      <Filter>Resource Files</Filter>
    </Image>
    <Image Include="GUI\Snake6.bmp">
      <Filter>Resource Files</Filter>
    </Image>
    <Image Include="GUI\Snake7.bmp">
      <Filter>Resource Files</Filter>
    </Image>
    <Image Include="GUI\Snake8.bmp">
      <Filter>Resource Files</Filter>
    </Image>
    <Image Include="GUI\SnakeHead1.bmp">
      <Filter>Resource Files</Filter>
    </Image>
    <Image Include="GUI\SnakeHead2.bmp">
      <Filter>Resource Files</Filter>
    </Image>
    <Image Include="GUI\SnakeHead3.bmp">
      <Filter>Resource Files</Filter>
    </Image>
    <Image Include="GUI\SnakeHead4.bmp">
      <Filter>Resource Files</Filter>
    </Image>
    <Image Include="GUI\SnakeHead5.bmp">
      <Filter>Resource Files</Filter>
    </Image>
    <Image Include="GUI\SnakeHead6.bmp">
      <Filter>Resource Files</Filter>
    </Image>
    <Image Include="GUI\SnakeHead7.bmp">
      <Filter>Resource Files</Filter>
    </Image>
    <Image Include="GUI\SnakeHead8.bmp">
      <Filter>Resource Files</Filter>
    </Image>
    <Image Include="GUI\Vodka.bmp">
      <Filter>Resource Files</Filter>
    </Image>
    <Image Include="GUI\Wall.bmp">
      <Filter>Resource Files</Filter>
    </Image>
  </ItemGroup>
</Project>